
Microsoft Visual Studio Solution File, Format Version 12.00
# Visual Studio Version 16
VisualStudioVersion = 16.0.30011.22
MinimumVisualStudioVersion = 10.0.40219.1
Project("{9A19103F-16F7-4668-BE54-9A1E7A4F7556}") = "thecloudbilltest", "thecloudbilltest\thecloudbilltest.csproj", "{43B99E5D-2F54-497B-8415-E13398C7B8DD}"
EndProject
Global
	GlobalSection(SolutionConfigurationPlatforms) = preSolution
		Debug|Any CPU = Debug|Any CPU
		Release|Any CPU = Release|Any CPU
	EndGlobalSection
	GlobalSection(ProjectConfigurationPlatforms) = postSolution
		{43B99E5D-2F54-497B-8415-E13398C7B8DD}.Debug|Any CPU.ActiveCfg = Debug|Any CPU
		{43B99E5D-2F54-497B-8415-E13398C7B8DD}.Debug|Any CPU.Build.0 = Debug|Any CPU
		{43B99E5D-2F54-497B-8415-E13398C7B8DD}.Release|Any CPU.ActiveCfg = Release|Any CPU
		{43B99E5D-2F54-497B-8415-E13398C7B8DD}.Release|Any CPU.Build.0 = Release|Any CPU
	EndGlobalSection
	GlobalSection(SolutionProperties) = preSolution
		HideSolutionNode = FALSE
	EndGlobalSection
	GlobalSection(ExtensibilityGlobals) = postSolution
		SolutionGuid = {8FB18A1B-2DAE-4E88-A658-8B4727153B3B}
	EndGlobalSection
EndGlobal
